
Microsoft Visual Studio Solution File, Format Version 12.00
# Visual Studio Version 17
VisualStudioVersion = 17.8.34511.84
MinimumVisualStudioVersion = 10.0.40219.1
Project("{FAE04EC0-301F-11D3-BF4B-00C04F79EFBC}") = "AskanOtoLastik.Data", "AskanOtoLastik.Data\AskanOtoLastik.Data.csproj", "{07AC5C59-1D1C-446F-B6B7-A1A91EBD1CA8}"
EndProject
Project("{FAE04EC0-301F-11D3-BF4B-00C04F79EFBC}") = "AskanOtoLastik.UI", "AskanOtoLastik.UI\AskanOtoLastik.UI.csproj", "{9F163D4F-8B80-47C1-9847-B90D24FE300E}"
EndProject
Global
	GlobalSection(SolutionConfigurationPlatforms) = preSolution
		Debug|Any CPU = Debug|Any CPU
		Release|Any CPU = Release|Any CPU
	EndGlobalSection
	GlobalSection(ProjectConfigurationPlatforms) = postSolution
		{07AC5C59-1D1C-446F-B6B7-A1A91EBD1CA8}.Debug|Any CPU.ActiveCfg = Debug|Any CPU
		{07AC5C59-1D1C-446F-B6B7-A1A91EBD1CA8}.Debug|Any CPU.Build.0 = Debug|Any CPU
		{07AC5C59-1D1C-446F-B6B7-A1A91EBD1CA8}.Release|Any CPU.ActiveCfg = Release|Any CPU
		{07AC5C59-1D1C-446F-B6B7-A1A91EBD1CA8}.Release|Any CPU.Build.0 = Release|Any CPU
		{9F163D4F-8B80-47C1-9847-B90D24FE300E}.Debug|Any CPU.ActiveCfg = Debug|Any CPU
		{9F163D4F-8B80-47C1-9847-B90D24FE300E}.Debug|Any CPU.Build.0 = Debug|Any CPU
		{9F163D4F-8B80-47C1-9847-B90D24FE300E}.Release|Any CPU.ActiveCfg = Release|Any CPU
		{9F163D4F-8B80-47C1-9847-B90D24FE300E}.Release|Any CPU.Build.0 = Release|Any CPU
	EndGlobalSection
	GlobalSection(SolutionProperties) = preSolution
		HideSolutionNode = FALSE
	EndGlobalSection
	GlobalSection(ExtensibilityGlobals) = postSolution
		SolutionGuid = {45D8408B-4CE1-48D5-8FD0-8A286A5A4785}
	EndGlobalSection
EndGlobal
